// !$*UTF8*$!
{
	archiveVersion = 1;
	classes = {
	};
	objectVersion = 55;
	objects = {

/* Begin PBXBuildFile section */
		B35173BA274A460600B7E2B7 /* AppDelegate.swift in Sources */ = {isa = PBXBuildFile; fileRef = B35173B9274A460600B7E2B7 /* AppDelegate.swift */; };
		B35173BC274A460600B7E2B7 /* SceneDelegate.swift in Sources */ = {isa = PBXBuildFile; fileRef = B35173BB274A460600B7E2B7 /* SceneDelegate.swift */; };
		B35173C1274A460600B7E2B7 /* Main.storyboard in Resources */ = {isa = PBXBuildFile; fileRef = B35173BF274A460600B7E2B7 /* Main.storyboard */; };
		B35173C3274A460700B7E2B7 /* Assets.xcassets in Resources */ = {isa = PBXBuildFile; fileRef = B35173C2274A460700B7E2B7 /* Assets.xcassets */; };
		B35173C6274A460700B7E2B7 /* LaunchScreen.storyboard in Resources */ = {isa = PBXBuildFile; fileRef = B35173C4274A460700B7E2B7 /* LaunchScreen.storyboard */; };
		B3BD85A6275A2D7100DD7684 /* OrderConfirmationViewController.swift in Sources */ = {isa = PBXBuildFile; fileRef = B3BD85A5275A2D7100DD7684 /* OrderConfirmationViewController.swift */; };
		B3D9599B274C101D0067B0BC /* CategoryTableViewController.swift in Sources */ = {isa = PBXBuildFile; fileRef = B3D9599A274C101D0067B0BC /* CategoryTableViewController.swift */; };
		B3D9599D274C102E0067B0BC /* MenuTableViewController.swift in Sources */ = {isa = PBXBuildFile; fileRef = B3D9599C274C102E0067B0BC /* MenuTableViewController.swift */; };
		B3D9599F274C10380067B0BC /* OrderTableViewController.swift in Sources */ = {isa = PBXBuildFile; fileRef = B3D9599E274C10380067B0BC /* OrderTableViewController.swift */; };
		B3D959A1274C11960067B0BC /* MenuItemDetailViewController.swift in Sources */ = {isa = PBXBuildFile; fileRef = B3D959A0274C11960067B0BC /* MenuItemDetailViewController.swift */; };
		B3D959A3274C129B0067B0BC /* MenuItem.swift in Sources */ = {isa = PBXBuildFile; fileRef = B3D959A2274C129B0067B0BC /* MenuItem.swift */; };
		B3D959A5274E42A50067B0BC /* IntermediaryModels.swift in Sources */ = {isa = PBXBuildFile; fileRef = B3D959A4274E42A50067B0BC /* IntermediaryModels.swift */; };
		B3D959A7274E46B00067B0BC /* Order.swift in Sources */ = {isa = PBXBuildFile; fileRef = B3D959A6274E46B00067B0BC /* Order.swift */; };
		B3D959AB274E53090067B0BC /* MenuController.swift in Sources */ = {isa = PBXBuildFile; fileRef = B3D959AA274E53090067B0BC /* MenuController.swift */; };
/* End PBXBuildFile section */

/* Begin PBXFileReference section */
		B35173B6274A460600B7E2B7 /* Restaurant.app */ = {isa = PBXFileReference; explicitFileType = wrapper.application; includeInIndex = 0; path = Restaurant.app; sourceTree = BUILT_PRODUCTS_DIR; };
		B35173B9274A460600B7E2B7 /* AppDelegate.swift */ = {isa = PBXFileReference; lastKnownFileType = sourcecode.swift; path = AppDelegate.swift; sourceTree = "<group>"; };
		B35173BB274A460600B7E2B7 /* SceneDelegate.swift */ = {isa = PBXFileReference; lastKnownFileType = sourcecode.swift; path = SceneDelegate.swift; sourceTree = "<group>"; };
		B35173C0274A460600B7E2B7 /* Base */ = {isa = PBXFileReference; lastKnownFileType = file.storyboard; name = Base; path = Base.lproj/Main.storyboard; sourceTree = "<group>"; };
		B35173C2274A460700B7E2B7 /* Assets.xcassets */ = {isa = PBXFileReference; lastKnownFileType = folder.assetcatalog; path = Assets.xcassets; sourceTree = "<group>"; };
		B35173C5274A460700B7E2B7 /* Base */ = {isa = PBXFileReference; lastKnownFileType = file.storyboard; name = Base; path = Base.lproj/LaunchScreen.storyboard; sourceTree = "<group>"; };
		B35173C7274A460700B7E2B7 /* Info.plist */ = {isa = PBXFileReference; lastKnownFileType = text.plist.xml; path = Info.plist; sourceTree = "<group>"; };
		B3BD85A5275A2D7100DD7684 /* OrderConfirmationViewController.swift */ = {isa = PBXFileReference; lastKnownFileType = sourcecode.swift; path = OrderConfirmationViewController.swift; sourceTree = "<group>"; };
		B3D9599A274C101D0067B0BC /* CategoryTableViewController.swift */ = {isa = PBXFileReference; lastKnownFileType = sourcecode.swift; path = CategoryTableViewController.swift; sourceTree = "<group>"; };
		B3D9599C274C102E0067B0BC /* MenuTableViewController.swift */ = {isa = PBXFileReference; lastKnownFileType = sourcecode.swift; path = MenuTableViewController.swift; sourceTree = "<group>"; };
		B3D9599E274C10380067B0BC /* OrderTableViewController.swift */ = {isa = PBXFileReference; lastKnownFileType = sourcecode.swift; path = OrderTableViewController.swift; sourceTree = "<group>"; };
		B3D959A0274C11960067B0BC /* MenuItemDetailViewController.swift */ = {isa = PBXFileReference; lastKnownFileType = sourcecode.swift; path = MenuItemDetailViewController.swift; sourceTree = "<group>"; };
		B3D959A2274C129B0067B0BC /* MenuItem.swift */ = {isa = PBXFileReference; lastKnownFileType = sourcecode.swift; path = MenuItem.swift; sourceTree = "<group>"; };
		B3D959A4274E42A50067B0BC /* IntermediaryModels.swift */ = {isa = PBXFileReference; lastKnownFileType = sourcecode.swift; path = IntermediaryModels.swift; sourceTree = "<group>"; };
		B3D959A6274E46B00067B0BC /* Order.swift */ = {isa = PBXFileReference; lastKnownFileType = sourcecode.swift; path = Order.swift; sourceTree = "<group>"; };
		B3D959AA274E53090067B0BC /* MenuController.swift */ = {isa = PBXFileReference; lastKnownFileType = sourcecode.swift; path = MenuController.swift; sourceTree = "<group>"; };
/* End PBXFileReference section */

/* Begin PBXFrameworksBuildPhase section */
		B35173B3274A460600B7E2B7 /* Frameworks */ = {
			isa = PBXFrameworksBuildPhase;
			buildActionMask = 2147483647;
			files = (
			);
			runOnlyForDeploymentPostprocessing = 0;
		};
/* End PBXFrameworksBuildPhase section */

/* Begin PBXGroup section */
		B35173AD274A460600B7E2B7 = {
			isa = PBXGroup;
			children = (
				B35173B8274A460600B7E2B7 /* Restaurant */,
				B35173B7274A460600B7E2B7 /* Products */,
			);
			sourceTree = "<group>";
		};
		B35173B7274A460600B7E2B7 /* Products */ = {
			isa = PBXGroup;
			children = (
				B35173B6274A460600B7E2B7 /* Restaurant.app */,
			);
			name = Products;
			sourceTree = "<group>";
		};
		B35173B8274A460600B7E2B7 /* Restaurant */ = {
			isa = PBXGroup;
			children = (
				B35173B9274A460600B7E2B7 /* AppDelegate.swift */,
				B35173BB274A460600B7E2B7 /* SceneDelegate.swift */,
				B35173BF274A460600B7E2B7 /* Main.storyboard */,
				B3D959A8274E4BD50067B0BC /* Models */,
				B3D959A9274E4C1F0067B0BC /* ViewControllers */,
				B3D959AC274E531A0067B0BC /* ModelControllers */,
				B35173C2274A460700B7E2B7 /* Assets.xcassets */,
				B35173C4274A460700B7E2B7 /* LaunchScreen.storyboard */,
				B35173C7274A460700B7E2B7 /* Info.plist */,
			);
			path = Restaurant;
			sourceTree = "<group>";
		};
		B3D959A8274E4BD50067B0BC /* Models */ = {
			isa = PBXGroup;
			children = (
				B3D959A2274C129B0067B0BC /* MenuItem.swift */,
				B3D959A4274E42A50067B0BC /* IntermediaryModels.swift */,
				B3D959A6274E46B00067B0BC /* Order.swift */,
			);
			path = Models;
			sourceTree = "<group>";
		};
		B3D959A9274E4C1F0067B0BC /* ViewControllers */ = {
			isa = PBXGroup;
			children = (
				B3D9599A274C101D0067B0BC /* CategoryTableViewController.swift */,
				B3D9599C274C102E0067B0BC /* MenuTableViewController.swift */,
				B3D959A0274C11960067B0BC /* MenuItemDetailViewController.swift */,
				B3D9599E274C10380067B0BC /* OrderTableViewController.swift */,
				B3BD85A5275A2D7100DD7684 /* OrderConfirmationViewController.swift */,
			);
			path = ViewControllers;
			sourceTree = "<group>";
		};
		B3D959AC274E531A0067B0BC /* ModelControllers */ = {
			isa = PBXGroup;
			children = (
				B3D959AA274E53090067B0BC /* MenuController.swift */,
			);
			path = ModelControllers;
			sourceTree = "<group>";
		};
/* End PBXGroup section */

/* Begin PBXNativeTarget section */
		B35173B5274A460600B7E2B7 /* Restaurant */ = {
			isa = PBXNativeTarget;
			buildConfigurationList = B35173CA274A460700B7E2B7 /* Build configuration list for PBXNativeTarget "Restaurant" */;
			buildPhases = (
				B35173B2274A460600B7E2B7 /* Sources */,
				B35173B3274A460600B7E2B7 /* Frameworks */,
				B35173B4274A460600B7E2B7 /* Resources */,
			);
			buildRules = (
			);
			dependencies = (
			);
			name = Restaurant;
			productName = Restaurant;
			productReference = B35173B6274A460600B7E2B7 /* Restaurant.app */;
			productType = "com.apple.product-type.application";
		};
/* End PBXNativeTarget section */

/* Begin PBXProject section */
		B35173AE274A460600B7E2B7 /* Project object */ = {
			isa = PBXProject;
			attributes = {
				BuildIndependentTargetsInParallel = 1;
				LastSwiftUpdateCheck = 1310;
				LastUpgradeCheck = 1310;
				TargetAttributes = {
					B35173B5274A460600B7E2B7 = {
						CreatedOnToolsVersion = 13.1;
					};
				};
			};
			buildConfigurationList = B35173B1274A460600B7E2B7 /* Build configuration list for PBXProject "Restaurant" */;
			compatibilityVersion = "Xcode 13.0";
			developmentRegion = en;
			hasScannedForEncodings = 0;
			knownRegions = (
				en,
				Base,
			);
			mainGroup = B35173AD274A460600B7E2B7;
			productRefGroup = B35173B7274A460600B7E2B7 /* Products */;
			projectDirPath = "";
			projectRoot = "";
			targets = (
				B35173B5274A460600B7E2B7 /* Restaurant */,
			);
		};
/* End PBXProject section */

/* Begin PBXResourcesBuildPhase section */
		B35173B4274A460600B7E2B7 /* Resources */ = {
			isa = PBXResourcesBuildPhase;
			buildActionMask = 2147483647;
			files = (
				B35173C6274A460700B7E2B7 /* LaunchScreen.storyboard in Resources */,
				B35173C3274A460700B7E2B7 /* Assets.xcassets in Resources */,
				B35173C1274A460600B7E2B7 /* Main.storyboard in Resources */,
			);
			runOnlyForDeploymentPostprocessing = 0;
		};
/* End PBXResourcesBuildPhase section */

/* Begin PBXSourcesBuildPhase section */
		B35173B2274A460600B7E2B7 /* Sources */ = {
			isa = PBXSourcesBuildPhase;
			buildActionMask = 2147483647;
			files = (
				B3D959AB274E53090067B0BC /* MenuController.swift in Sources */,
				B35173BA274A460600B7E2B7 /* AppDelegate.swift in Sources */,
				B3D959A7274E46B00067B0BC /* Order.swift in Sources */,
				B3D9599D274C102E0067B0BC /* MenuTableViewController.swift in Sources */,
				B3D959A1274C11960067B0BC /* MenuItemDetailViewController.swift in Sources */,
				B35173BC274A460600B7E2B7 /* SceneDelegate.swift in Sources */,
				B3D959A5274E42A50067B0BC /* IntermediaryModels.swift in Sources */,
				B3D959A3274C129B0067B0BC /* MenuItem.swift in Sources */,
				B3D9599F274C10380067B0BC /* OrderTableViewController.swift in Sources */,
				B3BD85A6275A2D7100DD7684 /* OrderConfirmationViewController.swift in Sources */,
				B3D9599B274C101D0067B0BC /* CategoryTableViewController.swift in Sources */,
			);
			runOnlyForDeploymentPostprocessing = 0;
		};
/* End PBXSourcesBuildPhase section */

/* Begin PBXVariantGroup section */
		B35173BF274A460600B7E2B7 /* Main.storyboard */ = {
			isa = PBXVariantGroup;
			children = (
				B35173C0274A460600B7E2B7 /* Base */,
			);
			name = Main.storyboard;
			sourceTree = "<group>";
		};
		B35173C4274A460700B7E2B7 /* LaunchScreen.storyboard */ = {
			isa = PBXVariantGroup;
			children = (
				B35173C5274A460700B7E2B7 /* Base */,
			);
			name = LaunchScreen.storyboard;
			sourceTree = "<group>";
		};
/* End PBXVariantGroup section */

/* Begin XCBuildConfiguration section */
		B35173C8274A460700B7E2B7 /* Debug */ = {
			isa = XCBuildConfiguration;
			buildSettings = {
				ALWAYS_SEARCH_USER_PATHS = NO;
				CLANG_ANALYZER_NONNULL = YES;
				CLANG_ANALYZER_NUMBER_OBJECT_CONVERSION = YES_AGGRESSIVE;
				CLANG_CXX_LANGUAGE_STANDARD = "gnu++17";
				CLANG_CXX_LIBRARY = "libc++";
				CLANG_ENABLE_MODULES = YES;
				CLANG_ENABLE_OBJC_ARC = YES;
				CLANG_ENABLE_OBJC_WEAK = YES;
				CLANG_WARN_BLOCK_CAPTURE_AUTORELEASING = YES;
				CLANG_WARN_BOOL_CONVERSION = YES;
				CLANG_WARN_COMMA = YES;
				CLANG_WARN_CONSTANT_CONVERSION = YES;
				CLANG_WARN_DEPRECATED_OBJC_IMPLEMENTATIONS = YES;
				CLANG_WARN_DIRECT_OBJC_ISA_USAGE = YES_ERROR;
				CLANG_WARN_DOCUMENTATION_COMMENTS = YES;
				CLANG_WARN_EMPTY_BODY = YES;
				CLANG_WARN_ENUM_CONVERSION = YES;
				CLANG_WARN_INFINITE_RECURSION = YES;
				CLANG_WARN_INT_CONVERSION = YES;
				CLANG_WARN_NON_LITERAL_NULL_CONVERSION = YES;
				CLANG_WARN_OBJC_IMPLICIT_RETAIN_SELF = YES;
				CLANG_WARN_OBJC_LITERAL_CONVERSION = YES;
				CLANG_WARN_OBJC_ROOT_CLASS = YES_ERROR;
				CLANG_WARN_QUOTED_INCLUDE_IN_FRAMEWORK_HEADER = YES;
				CLANG_WARN_RANGE_LOOP_ANALYSIS = YES;
				CLANG_WARN_STRICT_PROTOTYPES = YES;
				CLANG_WARN_SUSPICIOUS_MOVE = YES;
				CLANG_WARN_UNGUARDED_AVAILABILITY = YES_AGGRESSIVE;
				CLANG_WARN_UNREACHABLE_CODE = YES;
				CLANG_WARN__DUPLICATE_METHOD_MATCH = YES;
				COPY_PHASE_STRIP = NO;
				DEBUG_INFORMATION_FORMAT = dwarf;
				ENABLE_STRICT_OBJC_MSGSEND = YES;
				ENABLE_TESTABILITY = YES;
				GCC_C_LANGUAGE_STANDARD = gnu11;
				GCC_DYNAMIC_NO_PIC = NO;
				GCC_NO_COMMON_BLOCKS = YES;
				GCC_OPTIMIZATION_LEVEL = 0;
				GCC_PREPROCESSOR_DEFINITIONS = (
					"DEBUG=1",
					"$(inherited)",
				);
				GCC_WARN_64_TO_32_BIT_CONVERSION = YES;
				GCC_WARN_ABOUT_RETURN_TYPE = YES_ERROR;
				GCC_WARN_UNDECLARED_SELECTOR = YES;
				GCC_WARN_UNINITIALIZED_AUTOS = YES_AGGRESSIVE;
				GCC_WARN_UNUSED_FUNCTION = YES;
				GCC_WARN_UNUSED_VARIABLE = YES;
				IPHONEOS_DEPLOYMENT_TARGET = 15.0;
				MTL_ENABLE_DEBUG_INFO = INCLUDE_SOURCE;
				MTL_FAST_MATH = YES;
				ONLY_ACTIVE_ARCH = YES;
				SDKROOT = iphoneos;
				SWIFT_ACTIVE_COMPILATION_CONDITIONS = DEBUG;
				SWIFT_OPTIMIZATION_LEVEL = "-Onone";
			};
			name = Debug;
		};
		B35173C9274A460700B7E2B7 /* Release */ = {
			isa = XCBuildConfiguration;
			buildSettings = {
				ALWAYS_SEARCH_USER_PATHS = NO;
				CLANG_ANALYZER_NONNULL = YES;
				CLANG_ANALYZER_NUMBER_OBJECT_CONVERSION = YES_AGGRESSIVE;
				CLANG_CXX_LANGUAGE_STANDARD = "gnu++17";
				CLANG_CXX_LIBRARY = "libc++";
				CLANG_ENABLE_MODULES = YES;
				CLANG_ENABLE_OBJC_ARC = YES;
				CLANG_ENABLE_OBJC_WEAK = YES;
				CLANG_WARN_BLOCK_CAPTURE_AUTORELEASING = YES;
				CLANG_WARN_BOOL_CONVERSION = YES;
				CLANG_WARN_COMMA = YES;
				CLANG_WARN_CONSTANT_CONVERSION = YES;
				CLANG_WARN_DEPRECATED_OBJC_IMPLEMENTATIONS = YES;
				CLANG_WARN_DIRECT_OBJC_ISA_USAGE = YES_ERROR;
				CLANG_WARN_DOCUMENTATION_COMMENTS = YES;
				CLANG_WARN_EMPTY_BODY = YES;
				CLANG_WARN_ENUM_CONVERSION = YES;
				CLANG_WARN_INFINITE_RECURSION = YES;
				CLANG_WARN_INT_CONVERSION = YES;
				CLANG_WARN_NON_LITERAL_NULL_CONVERSION = YES;
				CLANG_WARN_OBJC_IMPLICIT_RETAIN_SELF = YES;
				CLANG_WARN_OBJC_LITERAL_CONVERSION = YES;
				CLANG_WARN_OBJC_ROOT_CLASS = YES_ERROR;
				CLANG_WARN_QUOTED_INCLUDE_IN_FRAMEWORK_HEADER = YES;
				CLANG_WARN_RANGE_LOOP_ANALYSIS = YES;
				CLANG_WARN_STRICT_PROTOTYPES = YES;
				CLANG_WARN_SUSPICIOUS_MOVE = YES;
				CLANG_WARN_UNGUARDED_AVAILABILITY = YES_AGGRESSIVE;
				CLANG_WARN_UNREACHABLE_CODE = YES;
				CLANG_WARN__DUPLICATE_METHOD_MATCH = YES;
				COPY_PHASE_STRIP = NO;
				DEBUG_INFORMATION_FORMAT = "dwarf-with-dsym";
				ENABLE_NS_ASSERTIONS = NO;
				ENABLE_STRICT_OBJC_MSGSEND = YES;
				GCC_C_LANGUAGE_STANDARD = gnu11;
				GCC_NO_COMMON_BLOCKS = YES;
				GCC_WARN_64_TO_32_BIT_CONVERSION = YES;
				GCC_WARN_ABOUT_RETURN_TYPE = YES_ERROR;
				GCC_WARN_UNDECLARED_SELECTOR = YES;
				GCC_WARN_UNINITIALIZED_AUTOS = YES_AGGRESSIVE;
				GCC_WARN_UNUSED_FUNCTION = YES;
				GCC_WARN_UNUSED_VARIABLE = YES;
				IPHONEOS_DEPLOYMENT_TARGET = 15.0;
				MTL_ENABLE_DEBUG_INFO = NO;
				MTL_FAST_MATH = YES;
				SDKROOT = iphoneos;
				SWIFT_COMPILATION_MODE = wholemodule;
				SWIFT_OPTIMIZATION_LEVEL = "-O";
				VALIDATE_PRODUCT = YES;
			};
			name = Release;
		};
		B35173CB274A460700B7E2B7 /* Debug */ = {
			isa = XCBuildConfiguration;
			buildSettings = {
				ASSETCATALOG_COMPILER_APPICON_NAME = AppIcon;
				ASSETCATALOG_COMPILER_GLOBAL_ACCENT_COLOR_NAME = AccentColor;
				CODE_SIGN_STYLE = Automatic;
				CURRENT_PROJECT_VERSION = 1;
				DEVELOPMENT_TEAM = BZM5V3J694;
				GENERATE_INFOPLIST_FILE = YES;
				INFOPLIST_FILE = Restaurant/Info.plist;
				INFOPLIST_KEY_UIApplicationSupportsIndirectInputEvents = YES;
				INFOPLIST_KEY_UILaunchStoryboardName = LaunchScreen;
				INFOPLIST_KEY_UIMainStoryboardFile = Main;
				INFOPLIST_KEY_UISupportedInterfaceOrientations_iPad = "UIInterfaceOrientationPortrait UIInterfaceOrientationPortraitUpsideDown UIInterfaceOrientationLandscapeLeft UIInterfaceOrientationLandscapeRight";
				INFOPLIST_KEY_UISupportedInterfaceOrientations_iPhone = "UIInterfaceOrientationPortrait UIInterfaceOrientationLandscapeLeft UIInterfaceOrientationLandscapeRight";
				LD_RUNPATH_SEARCH_PATHS = (
					"$(inherited)",
					"@executable_path/Frameworks",
				);
				MARKETING_VERSION = 1.0;
				PRODUCT_BUNDLE_IDENTIFIER = com.jin.Restaurant;
				PRODUCT_NAME = "$(TARGET_NAME)";
				SWIFT_EMIT_LOC_STRINGS = YES;
				SWIFT_VERSION = 5.0;
				TARGETED_DEVICE_FAMILY = "1,2";
			};
			name = Debug;
		};
		B35173CC274A460700B7E2B7 /* Release */ = {
			isa = XCBuildConfiguration;
			buildSettings = {
				ASSETCATALOG_COMPILER_APPICON_NAME = AppIcon;
				ASSETCATALOG_COMPILER_GLOBAL_ACCENT_COLOR_NAME = AccentColor;
				CODE_SIGN_STYLE = Automatic;
				CURRENT_PROJECT_VERSION = 1;
				DEVELOPMENT_TEAM = BZM5V3J694;
				GENERATE_INFOPLIST_FILE = YES;
				INFOPLIST_FILE = Restaurant/Info.plist;
				INFOPLIST_KEY_UIApplicationSupportsIndirectInputEvents = YES;
				INFOPLIST_KEY_UILaunchStoryboardName = LaunchScreen;
				INFOPLIST_KEY_UIMainStoryboardFile = Main;
				INFOPLIST_KEY_UISupportedInterfaceOrientations_iPad = "UIInterfaceOrientationPortrait UIInterfaceOrientationPortraitUpsideDown UIInterfaceOrientationLandscapeLeft UIInterfaceOrientationLandscapeRight";
				INFOPLIST_KEY_UISupportedInterfaceOrientations_iPhone = "UIInterfaceOrientationPortrait UIInterfaceOrientationLandscapeLeft UIInterfaceOrientationLandscapeRight";
				LD_RUNPATH_SEARCH_PATHS = (
					"$(inherited)",
					"@executable_path/Frameworks",
				);
				MARKETING_VERSION = 1.0;
				PRODUCT_BUNDLE_IDENTIFIER = com.jin.Restaurant;
				PRODUCT_NAME = "$(TARGET_NAME)";
				SWIFT_EMIT_LOC_STRINGS = YES;
				SWIFT_VERSION = 5.0;
				TARGETED_DEVICE_FAMILY = "1,2";
			};
			name = Release;
		};
/* End XCBuildConfiguration section */

/* Begin XCConfigurationList section */
		B35173B1274A460600B7E2B7 /* Build configuration list for PBXProject "Restaurant" */ = {
			isa = XCConfigurationList;
			buildConfigurations = (
				B35173C8274A460700B7E2B7 /* Debug */,
				B35173C9274A460700B7E2B7 /* Release */,
			);
			defaultConfigurationIsVisible = 0;
			defaultConfigurationName = Release;
		};
		B35173CA274A460700B7E2B7 /* Build configuration list for PBXNativeTarget "Restaurant" */ = {
			isa = XCConfigurationList;
			buildConfigurations = (
				B35173CB274A460700B7E2B7 /* Debug */,
				B35173CC274A460700B7E2B7 /* Release */,
			);
			defaultConfigurationIsVisible = 0;
			defaultConfigurationName = Release;
		};
/* End XCConfigurationList section */
	};
	rootObject = B35173AE274A460600B7E2B7 /* Project object */;
}
